{
  "version": 4,
  "terraform_version": "1.9.5",
  "serial": 39,
  "lineage": "90a0a979-96b9-2d90-f80e-72cc1d6d66b5",
  "outputs": {
    "virtual_network_id": {
      "value": "/subscriptions/548ab22c-ff88-42af-9353-605b5d3a8abe/resourceGroups/sap-dev-rg-prod/providers/Microsoft.Network/virtualNetworks/sap-dev-vnet-default",
      "type": "string"
    },
    "virtual_network_name": {
      "value": "sap-dev-vnet-default",
      "type": "string"
    },
    "web_subnet_id": {
      "value": "/subscriptions/548ab22c-ff88-42af-9353-605b5d3a8abe/resourceGroups/sap-dev-rg-prod/providers/Microsoft.Network/virtualNetworks/sap-dev-vnet-default/subnets/sap-dev-websubnet",
      "type": "string"
    },
    "web_subnet_name": {
      "value": "sap-dev-websubnet",
      "type": "string"
    }
  },
  "resources": [
    {
      "mode": "managed",
      "type": "azurerm_linux_virtual_machine",
      "name": "web_linux_vm",
      "provider": "provider[\"registry.terraform.io/hashicorp/azurerm\"]",
      "instances": [
        {
          "index_key": "Porche",
          "schema_version": 0,
          "attributes": {
            "additional_capabilities": [],
            "admin_password": null,
            "admin_ssh_key": [
              {
                "public_key": "ssh-rsa AAAAB3NzaC1yc2EAAAADAQABAAACAQC+PBSS6Fs+MCf/fMvpL0OCUwh3D/bXoy/5QY0fRez5FwcB5+5nRvN5oukv6CVTRrQJenuaXJDyT/cjui1gqODeTBTvHQqwGcMOqILOEVXPV1/jl/cvpEY4A8C+HCQHWr/xvSTSegG5L8Y4Be9Juf+RL452/q/SiAyua0PWHJFvyyjulc1NUhCFSUP8z/8GfUbAqJbK+/IC2QrinVFLX7kr0+724LVcmMHWRAJuiujh954bhK3MLx59YHQp6FSn+Jc3Q65/1yW7YNRjS4Y9xS4VBRPCDAi9Db73cqpD6tRbpvHltOgMXFrAtUyMuNmysOvh3imSmxz4iOjV4MUATR7IkUykBV/hRBDvIFxmYFoO+NKyzR5wtZiz++Dq1YfwEcj2OXK5+6Vp5NTr1jPA3xp4ZcEWmIvS/bCUSJ0EmoXew7Zi9nOuMkDeTNhJdSamvT3oVmaX3n+6kSopmBZH8Zo6ZnxKgfWlyFQLnS6X2AQuybYLSs9bgC4agFn4fDWKvU9fhCMJ9AdU8gddhTjM4pj9CaDyKyuFKv14dG/c/vwmLLAaEes2n5U3Mw79Lt8Uc7s1lBv4jelgW62/07TOgiP5Mq//BEMZ4wPtGLy73XVAjckTGB+G2iEUOv5G9YZ7wDGT8nDXpQvF05T02NmhPh3ZJPUdn3GPjwia3fZJ+C7iXQ== azureuser@myserver\r\n",
                "username": "azureuser"
              }
            ],
            "admin_username": "azureuser",
            "allow_extension_operations": true,
            "availability_set_id": "",
            "boot_diagnostics": [],
            "bypass_platform_safety_checks_on_user_schedule_enabled": false,
            "capacity_reservation_group_id": "",
            "computer_name": "sap-dev-webvm-Porche",
            "custom_data": "IyEgL2Jpbi9iYXNoCnN1ZG8gYXB0LWdldCB1cGRhdGUgLXkKc3VkbyBhcHQgaW5zdGFsbCAteSBhcGFjaGUyCnN1ZG8gY2htb2QgLVIgNzc3IC92YXIvd3d3L2h0bWwKc3VkbyBlY2hvICJXZWxjb21lIHRvIHRoZSBzaXRlICQoaG9zdG5hbWUpIiA+IC92YXIvd3d3L2h0bWwvaW5kZXguaHRtbA==",
            "dedicated_host_group_id": "",
            "dedicated_host_id": "",
            "disable_password_authentication": true,
            "disk_controller_type": "",
            "edge_zone": "",
            "encryption_at_host_enabled": false,
            "eviction_policy": "",
            "extensions_time_budget": "PT1H30M",
            "gallery_application": [],
            "id": "/subscriptions/548ab22c-ff88-42af-9353-605b5d3a8abe/resourceGroups/sap-dev-rg-prod/providers/Microsoft.Compute/virtualMachines/sap-dev-webvm-Porche",
            "identity": [],
            "license_type": "",
            "location": "eastus2",
            "max_bid_price": -1,
            "name": "sap-dev-webvm-Porche",
            "network_interface_ids": [
              "/subscriptions/548ab22c-ff88-42af-9353-605b5d3a8abe/resourceGroups/sap-dev-rg-prod/providers/Microsoft.Network/networkInterfaces/sap-dev-nic-Porche"
            ],
            "os_disk": [
              {
                "caching": "ReadWrite",
                "diff_disk_settings": [],
                "disk_encryption_set_id": "",
                "disk_size_gb": 30,
                "name": "sap-dev-webvm-Porche_OsDisk_1_e7c12ed5c29c48938f771a2bd27a1ff4",
                "secure_vm_disk_encryption_set_id": "",
                "security_encryption_type": "",
                "storage_account_type": "Standard_LRS",
                "write_accelerator_enabled": false
              }
            ],
            "os_image_notification": [],
            "patch_assessment_mode": "ImageDefault",
            "patch_mode": "ImageDefault",
            "plan": [],
            "platform_fault_domain": -1,
            "priority": "Regular",
            "private_ip_address": "10.0.1.4",
            "private_ip_addresses": [
              "10.0.1.4"
            ],
            "provision_vm_agent": true,
            "proximity_placement_group_id": "",
            "public_ip_address": "40.123.45.208",
            "public_ip_addresses": [
              "40.123.45.208"
            ],
            "reboot_setting": "",
            "resource_group_name": "sap-dev-rg-prod",
            "secret": [],
            "secure_boot_enabled": false,
            "size": "Standard_F2",
            "source_image_id": "",
            "source_image_reference": [
              {
                "offer": "0001-com-ubuntu-server-jammy",
                "publisher": "Canonical",
                "sku": "22_04-lts",
                "version": "latest"
              }
            ],
            "tags": null,
            "termination_notification": null,
            "timeouts": null,
            "user_data": "",
            "virtual_machine_id": "ae44b554-dc99-4391-a82a-c03c62c7a6d7",
            "virtual_machine_scale_set_id": "",
            "vm_agent_platform_updates_enabled": false,
            "vtpm_enabled": false,
            "zone": ""
          },
          "sensitive_attributes": [
            [
              {
                "type": "get_attr",
                "value": "admin_password"
              }
            ],
            [
              {
                "type": "get_attr",
                "value": "custom_data"
              }
            ]
          ],
          "private": "eyJlMmJmYjczMC1lY2FhLTExZTYtOGY4OC0zNDM2M2JjN2M0YzAiOnsiY3JlYXRlIjoyNzAwMDAwMDAwMDAwLCJkZWxldGUiOjI3MDAwMDAwMDAwMDAsInJlYWQiOjMwMDAwMDAwMDAwMCwidXBkYXRlIjoyNzAwMDAwMDAwMDAwfX0=",
          "dependencies": [
            "azurerm_network_interface.webvm_nic",
            "azurerm_public_ip.web_linuixvm_publicip",
            "azurerm_resource_group.rg",
            "azurerm_subnet.web_subnet",
            "azurerm_virtual_network.vnet"
          ]
        },
        {
          "index_key": "audi",
          "schema_version": 0,
          "attributes": {
            "additional_capabilities": [],
            "admin_password": null,
            "admin_ssh_key": [
              {
                "public_key": "ssh-rsa AAAAB3NzaC1yc2EAAAADAQABAAACAQC+PBSS6Fs+MCf/fMvpL0OCUwh3D/bXoy/5QY0fRez5FwcB5+5nRvN5oukv6CVTRrQJenuaXJDyT/cjui1gqODeTBTvHQqwGcMOqILOEVXPV1/jl/cvpEY4A8C+HCQHWr/xvSTSegG5L8Y4Be9Juf+RL452/q/SiAyua0PWHJFvyyjulc1NUhCFSUP8z/8GfUbAqJbK+/IC2QrinVFLX7kr0+724LVcmMHWRAJuiujh954bhK3MLx59YHQp6FSn+Jc3Q65/1yW7YNRjS4Y9xS4VBRPCDAi9Db73cqpD6tRbpvHltOgMXFrAtUyMuNmysOvh3imSmxz4iOjV4MUATR7IkUykBV/hRBDvIFxmYFoO+NKyzR5wtZiz++Dq1YfwEcj2OXK5+6Vp5NTr1jPA3xp4ZcEWmIvS/bCUSJ0EmoXew7Zi9nOuMkDeTNhJdSamvT3oVmaX3n+6kSopmBZH8Zo6ZnxKgfWlyFQLnS6X2AQuybYLSs9bgC4agFn4fDWKvU9fhCMJ9AdU8gddhTjM4pj9CaDyKyuFKv14dG/c/vwmLLAaEes2n5U3Mw79Lt8Uc7s1lBv4jelgW62/07TOgiP5Mq//BEMZ4wPtGLy73XVAjckTGB+G2iEUOv5G9YZ7wDGT8nDXpQvF05T02NmhPh3ZJPUdn3GPjwia3fZJ+C7iXQ== azureuser@myserver\r\n",
                "username": "azureuser"
              }
            ],
            "admin_username": "azureuser",
            "allow_extension_operations": true,
            "availability_set_id": "",
            "boot_diagnostics": [],
            "bypass_platform_safety_checks_on_user_schedule_enabled": false,
            "capacity_reservation_group_id": "",
            "computer_name": "sap-dev-webvm-audi",
            "custom_data": "IyEgL2Jpbi9iYXNoCnN1ZG8gYXB0LWdldCB1cGRhdGUgLXkKc3VkbyBhcHQgaW5zdGFsbCAteSBhcGFjaGUyCnN1ZG8gY2htb2QgLVIgNzc3IC92YXIvd3d3L2h0bWwKc3VkbyBlY2hvICJXZWxjb21lIHRvIHRoZSBzaXRlICQoaG9zdG5hbWUpIiA+IC92YXIvd3d3L2h0bWwvaW5kZXguaHRtbA==",
            "dedicated_host_group_id": "",
            "dedicated_host_id": "",
            "disable_password_authentication": true,
            "disk_controller_type": "",
            "edge_zone": "",
            "encryption_at_host_enabled": false,
            "eviction_policy": "",
            "extensions_time_budget": "PT1H30M",
            "gallery_application": [],
            "id": "/subscriptions/548ab22c-ff88-42af-9353-605b5d3a8abe/resourceGroups/sap-dev-rg-prod/providers/Microsoft.Compute/virtualMachines/sap-dev-webvm-audi",
            "identity": [],
            "license_type": "",
            "location": "eastus2",
            "max_bid_price": -1,
            "name": "sap-dev-webvm-audi",
            "network_interface_ids": [
              "/subscriptions/548ab22c-ff88-42af-9353-605b5d3a8abe/resourceGroups/sap-dev-rg-prod/providers/Microsoft.Network/networkInterfaces/sap-dev-nic-audi"
            ],
            "os_disk": [
              {
                "caching": "ReadWrite",
                "diff_disk_settings": [],
                "disk_encryption_set_id": "",
                "disk_size_gb": 30,
                "name": "sap-dev-webvm-audi_OsDisk_1_20ba1d2040764db896f62b715d3dc43e",
                "secure_vm_disk_encryption_set_id": "",
                "security_encryption_type": "",
                "storage_account_type": "Standard_LRS",
                "write_accelerator_enabled": false
              }
            ],
            "os_image_notification": [],
            "patch_assessment_mode": "ImageDefault",
            "patch_mode": "ImageDefault",
            "plan": [],
            "platform_fault_domain": -1,
            "priority": "Regular",
            "private_ip_address": "10.0.1.5",
            "private_ip_addresses": [
              "10.0.1.5"
            ],
            "provision_vm_agent": true,
            "proximity_placement_group_id": "",
            "public_ip_address": "104.210.4.73",
            "public_ip_addresses": [
              "104.210.4.73"
            ],
            "reboot_setting": "",
            "resource_group_name": "sap-dev-rg-prod",
            "secret": [],
            "secure_boot_enabled": false,
            "size": "Standard_F2",
            "source_image_id": "",
            "source_image_reference": [
              {
                "offer": "0001-com-ubuntu-server-jammy",
                "publisher": "Canonical",
                "sku": "22_04-lts",
                "version": "latest"
              }
            ],
            "tags": null,
            "termination_notification": null,
            "timeouts": null,
            "user_data": "",
            "virtual_machine_id": "0476fde4-711c-4e31-ab18-000af02c97a8",
            "virtual_machine_scale_set_id": "",
            "vm_agent_platform_updates_enabled": false,
            "vtpm_enabled": false,
            "zone": ""
          },
          "sensitive_attributes": [
            [
              {
                "type": "get_attr",
                "value": "admin_password"
              }
            ],
            [
              {
                "type": "get_attr",
                "value": "custom_data"
              }
            ]
          ],
          "private": "eyJlMmJmYjczMC1lY2FhLTExZTYtOGY4OC0zNDM2M2JjN2M0YzAiOnsiY3JlYXRlIjoyNzAwMDAwMDAwMDAwLCJkZWxldGUiOjI3MDAwMDAwMDAwMDAsInJlYWQiOjMwMDAwMDAwMDAwMCwidXBkYXRlIjoyNzAwMDAwMDAwMDAwfX0=",
          "dependencies": [
            "azurerm_network_interface.webvm_nic",
            "azurerm_public_ip.web_linuixvm_publicip",
            "azurerm_resource_group.rg",
            "azurerm_subnet.web_subnet",
            "azurerm_virtual_network.vnet"
          ]
        }
      ]
    },
    {
      "mode": "managed",
      "type": "azurerm_network_interface",
      "name": "webvm_nic",
      "provider": "provider[\"registry.terraform.io/hashicorp/azurerm\"]",
      "instances": [
        {
          "index_key": "Porche",
          "schema_version": 0,
          "attributes": {
            "accelerated_networking_enabled": false,
            "applied_dns_servers": [],
            "auxiliary_mode": "",
            "auxiliary_sku": "",
            "dns_servers": null,
            "edge_zone": "",
            "id": "/subscriptions/548ab22c-ff88-42af-9353-605b5d3a8abe/resourceGroups/sap-dev-rg-prod/providers/Microsoft.Network/networkInterfaces/sap-dev-nic-Porche",
            "internal_dns_name_label": "",
            "internal_domain_name_suffix": "r12f3x4f01cu5disyhhvyre51a.cx.internal.cloudapp.net",
            "ip_configuration": [
              {
                "gateway_load_balancer_frontend_ip_configuration_id": "",
                "name": "internal",
                "primary": true,
                "private_ip_address": "10.0.1.4",
                "private_ip_address_allocation": "Dynamic",
                "private_ip_address_version": "IPv4",
                "public_ip_address_id": "/subscriptions/548ab22c-ff88-42af-9353-605b5d3a8abe/resourceGroups/sap-dev-rg-prod/providers/Microsoft.Network/publicIPAddresses/sap-dev-publicip-Porche",
                "subnet_id": "/subscriptions/548ab22c-ff88-42af-9353-605b5d3a8abe/resourceGroups/sap-dev-rg-prod/providers/Microsoft.Network/virtualNetworks/sap-dev-vnet-default/subnets/sap-dev-websubnet"
              }
            ],
            "ip_forwarding_enabled": false,
            "location": "eastus2",
            "mac_address": "",
            "name": "sap-dev-nic-Porche",
            "private_ip_address": "10.0.1.4",
            "private_ip_addresses": [
              "10.0.1.4"
            ],
            "resource_group_name": "sap-dev-rg-prod",
            "tags": null,
            "timeouts": null,
            "virtual_machine_id": ""
          },
          "sensitive_attributes": [],
          "private": "eyJlMmJmYjczMC1lY2FhLTExZTYtOGY4OC0zNDM2M2JjN2M0YzAiOnsiY3JlYXRlIjoxODAwMDAwMDAwMDAwLCJkZWxldGUiOjE4MDAwMDAwMDAwMDAsInJlYWQiOjMwMDAwMDAwMDAwMCwidXBkYXRlIjoxODAwMDAwMDAwMDAwfX0=",
          "dependencies": [
            "azurerm_public_ip.web_linuixvm_publicip",
            "azurerm_resource_group.rg",
            "azurerm_subnet.web_subnet",
            "azurerm_virtual_network.vnet"
          ]
        },
        {
          "index_key": "audi",
          "schema_version": 0,
          "attributes": {
            "accelerated_networking_enabled": false,
            "applied_dns_servers": [],
            "auxiliary_mode": "",
            "auxiliary_sku": "",
            "dns_servers": null,
            "edge_zone": "",
            "id": "/subscriptions/548ab22c-ff88-42af-9353-605b5d3a8abe/resourceGroups/sap-dev-rg-prod/providers/Microsoft.Network/networkInterfaces/sap-dev-nic-audi",
            "internal_dns_name_label": "",
            "internal_domain_name_suffix": "r12f3x4f01cu5disyhhvyre51a.cx.internal.cloudapp.net",
            "ip_configuration": [
              {
                "gateway_load_balancer_frontend_ip_configuration_id": "",
                "name": "internal",
                "primary": true,
                "private_ip_address": "10.0.1.5",
                "private_ip_address_allocation": "Dynamic",
                "private_ip_address_version": "IPv4",
                "public_ip_address_id": "/subscriptions/548ab22c-ff88-42af-9353-605b5d3a8abe/resourceGroups/sap-dev-rg-prod/providers/Microsoft.Network/publicIPAddresses/sap-dev-publicip-audi",
                "subnet_id": "/subscriptions/548ab22c-ff88-42af-9353-605b5d3a8abe/resourceGroups/sap-dev-rg-prod/providers/Microsoft.Network/virtualNetworks/sap-dev-vnet-default/subnets/sap-dev-websubnet"
              }
            ],
            "ip_forwarding_enabled": false,
            "location": "eastus2",
            "mac_address": "",
            "name": "sap-dev-nic-audi",
            "private_ip_address": "10.0.1.5",
            "private_ip_addresses": [
              "10.0.1.5"
            ],
            "resource_group_name": "sap-dev-rg-prod",
            "tags": null,
            "timeouts": null,
            "virtual_machine_id": ""
          },
          "sensitive_attributes": [],
          "private": "eyJlMmJmYjczMC1lY2FhLTExZTYtOGY4OC0zNDM2M2JjN2M0YzAiOnsiY3JlYXRlIjoxODAwMDAwMDAwMDAwLCJkZWxldGUiOjE4MDAwMDAwMDAwMDAsInJlYWQiOjMwMDAwMDAwMDAwMCwidXBkYXRlIjoxODAwMDAwMDAwMDAwfX0=",
          "dependencies": [
            "azurerm_public_ip.web_linuixvm_publicip",
            "azurerm_resource_group.rg",
            "azurerm_subnet.web_subnet",
            "azurerm_virtual_network.vnet"
          ]
        }
      ]
    },
    {
      "mode": "managed",
      "type": "azurerm_network_security_group",
      "name": "web_subnet_nsg",
      "provider": "provider[\"registry.terraform.io/hashicorp/azurerm\"]",
      "instances": [
        {
          "schema_version": 0,
          "attributes": {
            "id": "/subscriptions/548ab22c-ff88-42af-9353-605b5d3a8abe/resourceGroups/sap-dev-rg-prod/providers/Microsoft.Network/networkSecurityGroups/sap-dev-nsg",
            "location": "eastus2",
            "name": "sap-dev-nsg",
            "resource_group_name": "sap-dev-rg-prod",
            "security_rule": [],
            "tags": {
              "environment": "dev",
              "owners": "sap"
            },
            "timeouts": null
          },
          "sensitive_attributes": [],
          "private": "eyJlMmJmYjczMC1lY2FhLTExZTYtOGY4OC0zNDM2M2JjN2M0YzAiOnsiY3JlYXRlIjoxODAwMDAwMDAwMDAwLCJkZWxldGUiOjE4MDAwMDAwMDAwMDAsInJlYWQiOjMwMDAwMDAwMDAwMCwidXBkYXRlIjoxODAwMDAwMDAwMDAwfX0=",
          "dependencies": [
            "azurerm_resource_group.rg"
          ]
        }
      ]
    },
    {
      "mode": "managed",
      "type": "azurerm_network_security_rule",
      "name": "web_nsg_inbound_rule",
      "provider": "provider[\"registry.terraform.io/hashicorp/azurerm\"]",
      "instances": [
        {
          "index_key": "110",
          "schema_version": 0,
          "attributes": {
            "access": "Allow",
            "description": "",
            "destination_address_prefix": "*",
            "destination_address_prefixes": null,
            "destination_application_security_group_ids": null,
            "destination_port_range": "22",
            "destination_port_ranges": null,
            "direction": "Inbound",
            "id": "/subscriptions/548ab22c-ff88-42af-9353-605b5d3a8abe/resourceGroups/sap-dev-rg-prod/providers/Microsoft.Network/networkSecurityGroups/sap-dev-nsg/securityRules/Rule-Port-22",
            "name": "Rule-Port-22",
            "network_security_group_name": "sap-dev-nsg",
            "priority": 110,
            "protocol": "Tcp",
            "resource_group_name": "sap-dev-rg-prod",
            "source_address_prefix": "*",
            "source_address_prefixes": null,
            "source_application_security_group_ids": null,
            "source_port_range": "*",
            "source_port_ranges": null,
            "timeouts": null
          },
          "sensitive_attributes": [],
          "private": "eyJlMmJmYjczMC1lY2FhLTExZTYtOGY4OC0zNDM2M2JjN2M0YzAiOnsiY3JlYXRlIjoxODAwMDAwMDAwMDAwLCJkZWxldGUiOjE4MDAwMDAwMDAwMDAsInJlYWQiOjMwMDAwMDAwMDAwMCwidXBkYXRlIjoxODAwMDAwMDAwMDAwfX0=",
          "dependencies": [
            "azurerm_network_security_group.web_subnet_nsg",
            "azurerm_resource_group.rg"
          ]
        },
        {
          "index_key": "120",
          "schema_version": 0,
          "attributes": {
            "access": "Allow",
            "description": "",
            "destination_address_prefix": "*",
            "destination_address_prefixes": null,
            "destination_application_security_group_ids": null,
            "destination_port_range": "80",
            "destination_port_ranges": null,
            "direction": "Inbound",
            "id": "/subscriptions/548ab22c-ff88-42af-9353-605b5d3a8abe/resourceGroups/sap-dev-rg-prod/providers/Microsoft.Network/networkSecurityGroups/sap-dev-nsg/securityRules/Rule-Port-80",
            "name": "Rule-Port-80",
            "network_security_group_name": "sap-dev-nsg",
            "priority": 120,
            "protocol": "Tcp",
            "resource_group_name": "sap-dev-rg-prod",
            "source_address_prefix": "*",
            "source_address_prefixes": null,
            "source_application_security_group_ids": null,
            "source_port_range": "*",
            "source_port_ranges": null,
            "timeouts": null
          },
          "sensitive_attributes": [],
          "private": "eyJlMmJmYjczMC1lY2FhLTExZTYtOGY4OC0zNDM2M2JjN2M0YzAiOnsiY3JlYXRlIjoxODAwMDAwMDAwMDAwLCJkZWxldGUiOjE4MDAwMDAwMDAwMDAsInJlYWQiOjMwMDAwMDAwMDAwMCwidXBkYXRlIjoxODAwMDAwMDAwMDAwfX0=",
          "dependencies": [
            "azurerm_network_security_group.web_subnet_nsg",
            "azurerm_resource_group.rg"
          ]
        },
        {
          "index_key": "130",
          "schema_version": 0,
          "attributes": {
            "access": "Allow",
            "description": "",
            "destination_address_prefix": "*",
            "destination_address_prefixes": null,
            "destination_application_security_group_ids": null,
            "destination_port_range": "443",
            "destination_port_ranges": null,
            "direction": "Inbound",
            "id": "/subscriptions/548ab22c-ff88-42af-9353-605b5d3a8abe/resourceGroups/sap-dev-rg-prod/providers/Microsoft.Network/networkSecurityGroups/sap-dev-nsg/securityRules/Rule-Port-443",
            "name": "Rule-Port-443",
            "network_security_group_name": "sap-dev-nsg",
            "priority": 130,
            "protocol": "Tcp",
            "resource_group_name": "sap-dev-rg-prod",
            "source_address_prefix": "*",
            "source_address_prefixes": null,
            "source_application_security_group_ids": null,
            "source_port_range": "*",
            "source_port_ranges": null,
            "timeouts": null
          },
          "sensitive_attributes": [],
          "private": "eyJlMmJmYjczMC1lY2FhLTExZTYtOGY4OC0zNDM2M2JjN2M0YzAiOnsiY3JlYXRlIjoxODAwMDAwMDAwMDAwLCJkZWxldGUiOjE4MDAwMDAwMDAwMDAsInJlYWQiOjMwMDAwMDAwMDAwMCwidXBkYXRlIjoxODAwMDAwMDAwMDAwfX0=",
          "dependencies": [
            "azurerm_network_security_group.web_subnet_nsg",
            "azurerm_resource_group.rg"
          ]
        }
      ]
    },
    {
      "mode": "managed",
      "type": "azurerm_public_ip",
      "name": "web_linuixvm_publicip",
      "provider": "provider[\"registry.terraform.io/hashicorp/azurerm\"]",
      "instances": [
        {
          "index_key": "Porche",
          "schema_version": 0,
          "attributes": {
            "allocation_method": "Static",
            "ddos_protection_mode": "VirtualNetworkInherited",
            "ddos_protection_plan_id": null,
            "domain_name_label": null,
            "edge_zone": "",
            "fqdn": null,
            "id": "/subscriptions/548ab22c-ff88-42af-9353-605b5d3a8abe/resourceGroups/sap-dev-rg-prod/providers/Microsoft.Network/publicIPAddresses/sap-dev-publicip-Porche",
            "idle_timeout_in_minutes": 4,
            "ip_address": "40.123.45.208",
            "ip_tags": null,
            "ip_version": "IPv4",
            "location": "eastus2",
            "name": "sap-dev-publicip-Porche",
            "public_ip_prefix_id": null,
            "resource_group_name": "sap-dev-rg-prod",
            "reverse_fqdn": null,
            "sku": "Standard",
            "sku_tier": "Regional",
            "tags": {
              "environment": "dev",
              "owners": "sap"
            },
            "timeouts": null,
            "zones": null
          },
          "sensitive_attributes": [],
          "private": "eyJlMmJmYjczMC1lY2FhLTExZTYtOGY4OC0zNDM2M2JjN2M0YzAiOnsiY3JlYXRlIjoxODAwMDAwMDAwMDAwLCJkZWxldGUiOjE4MDAwMDAwMDAwMDAsInJlYWQiOjMwMDAwMDAwMDAwMCwidXBkYXRlIjoxODAwMDAwMDAwMDAwfX0=",
          "dependencies": [
            "azurerm_resource_group.rg"
          ]
        },
        {
          "index_key": "audi",
          "schema_version": 0,
          "attributes": {
            "allocation_method": "Static",
            "ddos_protection_mode": "VirtualNetworkInherited",
            "ddos_protection_plan_id": null,
            "domain_name_label": null,
            "edge_zone": "",
            "fqdn": null,
            "id": "/subscriptions/548ab22c-ff88-42af-9353-605b5d3a8abe/resourceGroups/sap-dev-rg-prod/providers/Microsoft.Network/publicIPAddresses/sap-dev-publicip-audi",
            "idle_timeout_in_minutes": 4,
            "ip_address": "104.210.4.73",
            "ip_tags": null,
            "ip_version": "IPv4",
            "location": "eastus2",
            "name": "sap-dev-publicip-audi",
            "public_ip_prefix_id": null,
            "resource_group_name": "sap-dev-rg-prod",
            "reverse_fqdn": null,
            "sku": "Standard",
            "sku_tier": "Regional",
            "tags": {
              "environment": "dev",
              "owners": "sap"
            },
            "timeouts": null,
            "zones": null
          },
          "sensitive_attributes": [],
          "private": "eyJlMmJmYjczMC1lY2FhLTExZTYtOGY4OC0zNDM2M2JjN2M0YzAiOnsiY3JlYXRlIjoxODAwMDAwMDAwMDAwLCJkZWxldGUiOjE4MDAwMDAwMDAwMDAsInJlYWQiOjMwMDAwMDAwMDAwMCwidXBkYXRlIjoxODAwMDAwMDAwMDAwfX0=",
          "dependencies": [
            "azurerm_resource_group.rg"
          ]
        }
      ]
    },
    {
      "mode": "managed",
      "type": "azurerm_resource_group",
      "name": "rg",
      "provider": "provider[\"registry.terraform.io/hashicorp/azurerm\"]",
      "instances": [
        {
          "schema_version": 0,
          "attributes": {
            "id": "/subscriptions/548ab22c-ff88-42af-9353-605b5d3a8abe/resourceGroups/sap-dev-rg-prod",
            "location": "eastus2",
            "managed_by": "",
            "name": "sap-dev-rg-prod",
            "tags": {
              "environment": "dev",
              "owners": "sap"
            },
            "timeouts": null
          },
          "sensitive_attributes": [],
          "private": "eyJlMmJmYjczMC1lY2FhLTExZTYtOGY4OC0zNDM2M2JjN2M0YzAiOnsiY3JlYXRlIjo1NDAwMDAwMDAwMDAwLCJkZWxldGUiOjU0MDAwMDAwMDAwMDAsInJlYWQiOjMwMDAwMDAwMDAwMCwidXBkYXRlIjo1NDAwMDAwMDAwMDAwfX0="
        }
      ]
    },
    {
      "mode": "managed",
      "type": "azurerm_subnet",
      "name": "web_subnet",
      "provider": "provider[\"registry.terraform.io/hashicorp/azurerm\"]",
      "instances": [
        {
          "schema_version": 0,
          "attributes": {
            "address_prefixes": [
              "10.0.1.0/24"
            ],
            "default_outbound_access_enabled": true,
            "delegation": [],
            "id": "/subscriptions/548ab22c-ff88-42af-9353-605b5d3a8abe/resourceGroups/sap-dev-rg-prod/providers/Microsoft.Network/virtualNetworks/sap-dev-vnet-default/subnets/sap-dev-websubnet",
            "name": "sap-dev-websubnet",
            "private_endpoint_network_policies": "Disabled",
            "private_link_service_network_policies_enabled": true,
            "resource_group_name": "sap-dev-rg-prod",
            "service_endpoint_policy_ids": null,
            "service_endpoints": null,
            "timeouts": null,
            "virtual_network_name": "sap-dev-vnet-default"
          },
          "sensitive_attributes": [],
          "private": "eyJlMmJmYjczMC1lY2FhLTExZTYtOGY4OC0zNDM2M2JjN2M0YzAiOnsiY3JlYXRlIjoxODAwMDAwMDAwMDAwLCJkZWxldGUiOjE4MDAwMDAwMDAwMDAsInJlYWQiOjMwMDAwMDAwMDAwMCwidXBkYXRlIjoxODAwMDAwMDAwMDAwfX0=",
          "dependencies": [
            "azurerm_resource_group.rg",
            "azurerm_virtual_network.vnet"
          ]
        }
      ]
    },
    {
      "mode": "managed",
      "type": "azurerm_subnet_network_security_group_association",
      "name": "example",
      "provider": "provider[\"registry.terraform.io/hashicorp/azurerm\"]",
      "instances": [
        {
          "schema_version": 0,
          "attributes": {
            "id": "/subscriptions/548ab22c-ff88-42af-9353-605b5d3a8abe/resourceGroups/sap-dev-rg-prod/providers/Microsoft.Network/virtualNetworks/sap-dev-vnet-default/subnets/sap-dev-websubnet",
            "network_security_group_id": "/subscriptions/548ab22c-ff88-42af-9353-605b5d3a8abe/resourceGroups/sap-dev-rg-prod/providers/Microsoft.Network/networkSecurityGroups/sap-dev-nsg",
            "subnet_id": "/subscriptions/548ab22c-ff88-42af-9353-605b5d3a8abe/resourceGroups/sap-dev-rg-prod/providers/Microsoft.Network/virtualNetworks/sap-dev-vnet-default/subnets/sap-dev-websubnet",
            "timeouts": null
          },
          "sensitive_attributes": [],
          "private": "eyJlMmJmYjczMC1lY2FhLTExZTYtOGY4OC0zNDM2M2JjN2M0YzAiOnsiY3JlYXRlIjoxODAwMDAwMDAwMDAwLCJkZWxldGUiOjE4MDAwMDAwMDAwMDAsInJlYWQiOjMwMDAwMDAwMDAwMH19",
          "dependencies": [
            "azurerm_network_security_group.web_subnet_nsg",
            "azurerm_resource_group.rg",
            "azurerm_subnet.web_subnet",
            "azurerm_virtual_network.vnet"
          ]
        }
      ]
    },
    {
      "mode": "managed",
      "type": "azurerm_virtual_network",
      "name": "vnet",
      "provider": "provider[\"registry.terraform.io/hashicorp/azurerm\"]",
      "instances": [
        {
          "schema_version": 0,
          "attributes": {
            "address_space": [
              "10.0.0.0/16"
            ],
            "bgp_community": "",
            "ddos_protection_plan": [],
            "dns_servers": [],
            "edge_zone": "",
            "encryption": [],
            "flow_timeout_in_minutes": 0,
            "guid": "df5ef88e-d6c5-4fc5-8d12-c1cf5c449fd8",
            "id": "/subscriptions/548ab22c-ff88-42af-9353-605b5d3a8abe/resourceGroups/sap-dev-rg-prod/providers/Microsoft.Network/virtualNetworks/sap-dev-vnet-default",
            "location": "eastus2",
            "name": "sap-dev-vnet-default",
            "resource_group_name": "sap-dev-rg-prod",
            "subnet": [],
            "tags": {
              "environment": "dev",
              "owners": "sap"
            },
            "timeouts": null
          },
          "sensitive_attributes": [],
          "private": "eyJlMmJmYjczMC1lY2FhLTExZTYtOGY4OC0zNDM2M2JjN2M0YzAiOnsiY3JlYXRlIjoxODAwMDAwMDAwMDAwLCJkZWxldGUiOjE4MDAwMDAwMDAwMDAsInJlYWQiOjMwMDAwMDAwMDAwMCwidXBkYXRlIjoxODAwMDAwMDAwMDAwfX0=",
          "dependencies": [
            "azurerm_resource_group.rg"
          ]
        }
      ]
    }
  ],
  "check_results": null
}
